// !$*UTF8*$!
{
	archiveVersion = 1;
	classes = {
	};
	objectVersion = 50;
	objects = {

/* Begin PBXBuildFile section */
		B439BE5723008BB3000C2CA8 /* UIView+Bela.swift in Sources */ = {isa = PBXBuildFile; fileRef = B439BE5623008BB3000C2CA8 /* UIView+Bela.swift */; };
		B439BE592300A5AF000C2CA8 /* BiddingTeamViewController.swift in Sources */ = {isa = PBXBuildFile; fileRef = B439BE582300A5AF000C2CA8 /* BiddingTeamViewController.swift */; };
		B439BE5B2300A6ED000C2CA8 /* BelaTeam.swift in Sources */ = {isa = PBXBuildFile; fileRef = B439BE5A2300A6ED000C2CA8 /* BelaTeam.swift */; };
		B449D2BA22FF151900EA22BB /* AddScoreViewController.swift in Sources */ = {isa = PBXBuildFile; fileRef = B449D2B922FF151900EA22BB /* AddScoreViewController.swift */; };
		B4741EBD22FF05E30058BC00 /* UIStoryboard+Bela.swift in Sources */ = {isa = PBXBuildFile; fileRef = B4741EBC22FF05E30058BC00 /* UIStoryboard+Bela.swift */; };
		B4741EC022FF06980058BC00 /* ScoreTableViewCell.swift in Sources */ = {isa = PBXBuildFile; fileRef = B4741EBE22FF06980058BC00 /* ScoreTableViewCell.swift */; };
		B4741EC122FF06980058BC00 /* ScoreTableViewCell.xib in Resources */ = {isa = PBXBuildFile; fileRef = B4741EBF22FF06980058BC00 /* ScoreTableViewCell.xib */; };
		B4741EC422FF07C50058BC00 /* UIColor+Bela.swift in Sources */ = {isa = PBXBuildFile; fileRef = B4741EC322FF07C50058BC00 /* UIColor+Bela.swift */; };
		B4741EC722FF08640058BC00 /* BelaScore.swift in Sources */ = {isa = PBXBuildFile; fileRef = B4741EC622FF08640058BC00 /* BelaScore.swift */; };
		B4741ECB22FF089C0058BC00 /* BelaCard.swift in Sources */ = {isa = PBXBuildFile; fileRef = B4741EC822FF089B0058BC00 /* BelaCard.swift */; };
		B4741ECC22FF089C0058BC00 /* BelaSuit.swift in Sources */ = {isa = PBXBuildFile; fileRef = B4741EC922FF089C0058BC00 /* BelaSuit.swift */; };
		B4741ECD22FF089C0058BC00 /* BelaValue.swift in Sources */ = {isa = PBXBuildFile; fileRef = B4741ECA22FF089C0058BC00 /* BelaValue.swift */; };
		B4741ED022FF09F10058BC00 /* UITableView+Bela.swift in Sources */ = {isa = PBXBuildFile; fileRef = B4741ECF22FF09F10058BC00 /* UITableView+Bela.swift */; };
		B4741ED222FF0D220058BC00 /* CardViewController.swift in Sources */ = {isa = PBXBuildFile; fileRef = B4741ED122FF0D210058BC00 /* CardViewController.swift */; };
		B4741ED422FF0D6E0058BC00 /* InstantPanGestureRecognizer.swift in Sources */ = {isa = PBXBuildFile; fileRef = B4741ED322FF0D6E0058BC00 /* InstantPanGestureRecognizer.swift */; };
		B4741ED722FF0DFC0058BC00 /* AddScoreCardViewController.swift in Sources */ = {isa = PBXBuildFile; fileRef = B4741ED622FF0DFC0058BC00 /* AddScoreCardViewController.swift */; };
		B4741ED922FF0E820058BC00 /* UIViewController+Bela.swift in Sources */ = {isa = PBXBuildFile; fileRef = B4741ED822FF0E820058BC00 /* UIViewController+Bela.swift */; };
		B4F30D0022FEFC46003F13C8 /* AppDelegate.swift in Sources */ = {isa = PBXBuildFile; fileRef = B4F30CFF22FEFC46003F13C8 /* AppDelegate.swift */; };
		B4F30D0522FEFC46003F13C8 /* Main.storyboard in Resources */ = {isa = PBXBuildFile; fileRef = B4F30D0322FEFC46003F13C8 /* Main.storyboard */; };
		B4F30D0722FEFC47003F13C8 /* Assets.xcassets in Resources */ = {isa = PBXBuildFile; fileRef = B4F30D0622FEFC47003F13C8 /* Assets.xcassets */; };
		B4F30D0A22FEFC47003F13C8 /* LaunchScreen.storyboard in Resources */ = {isa = PBXBuildFile; fileRef = B4F30D0822FEFC47003F13C8 /* LaunchScreen.storyboard */; };
		B4F30D1222FEFFD3003F13C8 /* MainMenuViewController.swift in Sources */ = {isa = PBXBuildFile; fileRef = B4F30D1122FEFFD3003F13C8 /* MainMenuViewController.swift */; };
		B4F30D1722FF04E9003F13C8 /* ScoreViewController.swift in Sources */ = {isa = PBXBuildFile; fileRef = B4F30D1622FF04E9003F13C8 /* ScoreViewController.swift */; };
/* End PBXBuildFile section */

/* Begin PBXFileReference section */
		B439BE5623008BB3000C2CA8 /* UIView+Bela.swift */ = {isa = PBXFileReference; lastKnownFileType = sourcecode.swift; path = "UIView+Bela.swift"; sourceTree = "<group>"; };
		B439BE582300A5AF000C2CA8 /* BiddingTeamViewController.swift */ = {isa = PBXFileReference; lastKnownFileType = sourcecode.swift; path = BiddingTeamViewController.swift; sourceTree = "<group>"; };
		B439BE5A2300A6ED000C2CA8 /* BelaTeam.swift */ = {isa = PBXFileReference; lastKnownFileType = sourcecode.swift; path = BelaTeam.swift; sourceTree = "<group>"; };
		B449D2B922FF151900EA22BB /* AddScoreViewController.swift */ = {isa = PBXFileReference; lastKnownFileType = sourcecode.swift; path = AddScoreViewController.swift; sourceTree = "<group>"; };
		B4741EBC22FF05E30058BC00 /* UIStoryboard+Bela.swift */ = {isa = PBXFileReference; lastKnownFileType = sourcecode.swift; path = "UIStoryboard+Bela.swift"; sourceTree = "<group>"; };
		B4741EBE22FF06980058BC00 /* ScoreTableViewCell.swift */ = {isa = PBXFileReference; lastKnownFileType = sourcecode.swift; path = ScoreTableViewCell.swift; sourceTree = "<group>"; };
		B4741EBF22FF06980058BC00 /* ScoreTableViewCell.xib */ = {isa = PBXFileReference; lastKnownFileType = file.xib; path = ScoreTableViewCell.xib; sourceTree = "<group>"; };
		B4741EC322FF07C50058BC00 /* UIColor+Bela.swift */ = {isa = PBXFileReference; lastKnownFileType = sourcecode.swift; path = "UIColor+Bela.swift"; sourceTree = "<group>"; };
		B4741EC622FF08640058BC00 /* BelaScore.swift */ = {isa = PBXFileReference; lastKnownFileType = sourcecode.swift; path = BelaScore.swift; sourceTree = "<group>"; };
		B4741EC822FF089B0058BC00 /* BelaCard.swift */ = {isa = PBXFileReference; fileEncoding = 4; lastKnownFileType = sourcecode.swift; path = BelaCard.swift; sourceTree = "<group>"; };
		B4741EC922FF089C0058BC00 /* BelaSuit.swift */ = {isa = PBXFileReference; fileEncoding = 4; lastKnownFileType = sourcecode.swift; path = BelaSuit.swift; sourceTree = "<group>"; };
		B4741ECA22FF089C0058BC00 /* BelaValue.swift */ = {isa = PBXFileReference; fileEncoding = 4; lastKnownFileType = sourcecode.swift; path = BelaValue.swift; sourceTree = "<group>"; };
		B4741ECF22FF09F10058BC00 /* UITableView+Bela.swift */ = {isa = PBXFileReference; lastKnownFileType = sourcecode.swift; path = "UITableView+Bela.swift"; sourceTree = "<group>"; };
		B4741ED122FF0D210058BC00 /* CardViewController.swift */ = {isa = PBXFileReference; fileEncoding = 4; lastKnownFileType = sourcecode.swift; path = CardViewController.swift; sourceTree = "<group>"; };
		B4741ED322FF0D6E0058BC00 /* InstantPanGestureRecognizer.swift */ = {isa = PBXFileReference; fileEncoding = 4; lastKnownFileType = sourcecode.swift; path = InstantPanGestureRecognizer.swift; sourceTree = "<group>"; };
		B4741ED622FF0DFC0058BC00 /* AddScoreCardViewController.swift */ = {isa = PBXFileReference; lastKnownFileType = sourcecode.swift; path = AddScoreCardViewController.swift; sourceTree = "<group>"; };
		B4741ED822FF0E820058BC00 /* UIViewController+Bela.swift */ = {isa = PBXFileReference; lastKnownFileType = sourcecode.swift; path = "UIViewController+Bela.swift"; sourceTree = "<group>"; };
		B4F30CFC22FEFC46003F13C8 /* BlokZaBelu.app */ = {isa = PBXFileReference; explicitFileType = wrapper.application; includeInIndex = 0; path = BlokZaBelu.app; sourceTree = BUILT_PRODUCTS_DIR; };
		B4F30CFF22FEFC46003F13C8 /* AppDelegate.swift */ = {isa = PBXFileReference; lastKnownFileType = sourcecode.swift; path = AppDelegate.swift; sourceTree = "<group>"; };
		B4F30D0422FEFC46003F13C8 /* Base */ = {isa = PBXFileReference; lastKnownFileType = file.storyboard; name = Base; path = Base.lproj/Main.storyboard; sourceTree = "<group>"; };
		B4F30D0622FEFC47003F13C8 /* Assets.xcassets */ = {isa = PBXFileReference; lastKnownFileType = folder.assetcatalog; path = Assets.xcassets; sourceTree = "<group>"; };
		B4F30D0922FEFC47003F13C8 /* Base */ = {isa = PBXFileReference; lastKnownFileType = file.storyboard; name = Base; path = Base.lproj/LaunchScreen.storyboard; sourceTree = "<group>"; };
		B4F30D0B22FEFC47003F13C8 /* Info.plist */ = {isa = PBXFileReference; lastKnownFileType = text.plist.xml; path = Info.plist; sourceTree = "<group>"; };
		B4F30D1122FEFFD3003F13C8 /* MainMenuViewController.swift */ = {isa = PBXFileReference; lastKnownFileType = sourcecode.swift; path = MainMenuViewController.swift; sourceTree = "<group>"; };
		B4F30D1622FF04E9003F13C8 /* ScoreViewController.swift */ = {isa = PBXFileReference; lastKnownFileType = sourcecode.swift; path = ScoreViewController.swift; sourceTree = "<group>"; };
/* End PBXFileReference section */

/* Begin PBXFrameworksBuildPhase section */
		B4F30CF922FEFC46003F13C8 /* Frameworks */ = {
			isa = PBXFrameworksBuildPhase;
			buildActionMask = 2147483647;
			files = (
			);
			runOnlyForDeploymentPostprocessing = 0;
		};
/* End PBXFrameworksBuildPhase section */

/* Begin PBXGroup section */
		B439BE5C2300A75B000C2CA8 /* BiddingTeamViewController */ = {
			isa = PBXGroup;
			children = (
				B439BE582300A5AF000C2CA8 /* BiddingTeamViewController.swift */,
			);
			path = BiddingTeamViewController;
			sourceTree = "<group>";
		};
		B4741EC222FF07B70058BC00 /* Extensions */ = {
			isa = PBXGroup;
			children = (
				B4741EC322FF07C50058BC00 /* UIColor+Bela.swift */,
				B4741EBC22FF05E30058BC00 /* UIStoryboard+Bela.swift */,
				B4741ECF22FF09F10058BC00 /* UITableView+Bela.swift */,
				B439BE5623008BB3000C2CA8 /* UIView+Bela.swift */,
				B4741ED822FF0E820058BC00 /* UIViewController+Bela.swift */,
			);
			path = Extensions;
			sourceTree = "<group>";
		};
		B4741EC522FF080E0058BC00 /* Cells */ = {
			isa = PBXGroup;
			children = (
				B4741EBE22FF06980058BC00 /* ScoreTableViewCell.swift */,
				B4741EBF22FF06980058BC00 /* ScoreTableViewCell.xib */,
			);
			path = Cells;
			sourceTree = "<group>";
		};
		B4741ECE22FF089E0058BC00 /* Bela */ = {
			isa = PBXGroup;
			children = (
				B4741EC822FF089B0058BC00 /* BelaCard.swift */,
				B4741EC922FF089C0058BC00 /* BelaSuit.swift */,
				B4741ECA22FF089C0058BC00 /* BelaValue.swift */,
				B4741EC622FF08640058BC00 /* BelaScore.swift */,
				B439BE5A2300A6ED000C2CA8 /* BelaTeam.swift */,
			);
			path = Bela;
			sourceTree = "<group>";
		};
		B4741ED522FF0D710058BC00 /* CardViewController */ = {
			isa = PBXGroup;
			children = (
				B4741ED122FF0D210058BC00 /* CardViewController.swift */,
				B4741ED322FF0D6E0058BC00 /* InstantPanGestureRecognizer.swift */,
			);
			path = CardViewController;
			sourceTree = "<group>";
		};
		B4F30CF322FEFC46003F13C8 = {
			isa = PBXGroup;
			children = (
				B4F30CFE22FEFC46003F13C8 /* BlokZaBelu */,
				B4F30CFD22FEFC46003F13C8 /* Products */,
			);
			sourceTree = "<group>";
		};
		B4F30CFD22FEFC46003F13C8 /* Products */ = {
			isa = PBXGroup;
			children = (
				B4F30CFC22FEFC46003F13C8 /* BlokZaBelu.app */,
			);
			name = Products;
			sourceTree = "<group>";
		};
		B4F30CFE22FEFC46003F13C8 /* BlokZaBelu */ = {
			isa = PBXGroup;
			children = (
				B4F30CFF22FEFC46003F13C8 /* AppDelegate.swift */,
				B4F30D0322FEFC46003F13C8 /* Main.storyboard */,
				B439BE5C2300A75B000C2CA8 /* BiddingTeamViewController */,
				B4741ED522FF0D710058BC00 /* CardViewController */,
				B4741ECE22FF089E0058BC00 /* Bela */,
				B4F30D1522FF0254003F13C8 /* MainMenu */,
				B4F30D1822FF051C003F13C8 /* Score */,
				B4741EC222FF07B70058BC00 /* Extensions */,
				B4F30D1422FF0226003F13C8 /* SupportingFiles */,
				B4741ED622FF0DFC0058BC00 /* AddScoreCardViewController.swift */,
				B449D2B922FF151900EA22BB /* AddScoreViewController.swift */,
			);
			path = BlokZaBelu;
			sourceTree = "<group>";
		};
		B4F30D1422FF0226003F13C8 /* SupportingFiles */ = {
			isa = PBXGroup;
			children = (
				B4F30D0622FEFC47003F13C8 /* Assets.xcassets */,
				B4F30D0822FEFC47003F13C8 /* LaunchScreen.storyboard */,
				B4F30D0B22FEFC47003F13C8 /* Info.plist */,
			);
			path = SupportingFiles;
			sourceTree = "<group>";
		};
		B4F30D1522FF0254003F13C8 /* MainMenu */ = {
			isa = PBXGroup;
			children = (
				B4F30D1122FEFFD3003F13C8 /* MainMenuViewController.swift */,
			);
			path = MainMenu;
			sourceTree = "<group>";
		};
		B4F30D1822FF051C003F13C8 /* Score */ = {
			isa = PBXGroup;
			children = (
				B4F30D1622FF04E9003F13C8 /* ScoreViewController.swift */,
				B4741EC522FF080E0058BC00 /* Cells */,
			);
			path = Score;
			sourceTree = "<group>";
		};
/* End PBXGroup section */

/* Begin PBXNativeTarget section */
		B4F30CFB22FEFC46003F13C8 /* BlokZaBelu */ = {
			isa = PBXNativeTarget;
			buildConfigurationList = B4F30D0E22FEFC47003F13C8 /* Build configuration list for PBXNativeTarget "BlokZaBelu" */;
			buildPhases = (
				B4F30CF822FEFC46003F13C8 /* Sources */,
				B4F30CF922FEFC46003F13C8 /* Frameworks */,
				B4F30CFA22FEFC46003F13C8 /* Resources */,
				B4F30D1322FF0040003F13C8 /* ShellScript */,
			);
			buildRules = (
			);
			dependencies = (
			);
			name = BlokZaBelu;
			productName = BlokZaBelu;
			productReference = B4F30CFC22FEFC46003F13C8 /* BlokZaBelu.app */;
			productType = "com.apple.product-type.application";
		};
/* End PBXNativeTarget section */

/* Begin PBXProject section */
		B4F30CF422FEFC46003F13C8 /* Project object */ = {
			isa = PBXProject;
			attributes = {
				LastSwiftUpdateCheck = 1020;
				LastUpgradeCheck = 1020;
				ORGANIZATIONNAME = "Dominik Cubelic";
				TargetAttributes = {
					B4F30CFB22FEFC46003F13C8 = {
						CreatedOnToolsVersion = 10.2;
					};
				};
			};
			buildConfigurationList = B4F30CF722FEFC46003F13C8 /* Build configuration list for PBXProject "BlokZaBelu" */;
			compatibilityVersion = "Xcode 9.3";
			developmentRegion = en;
			hasScannedForEncodings = 0;
			knownRegions = (
				en,
				Base,
			);
			mainGroup = B4F30CF322FEFC46003F13C8;
			productRefGroup = B4F30CFD22FEFC46003F13C8 /* Products */;
			projectDirPath = "";
			projectRoot = "";
			targets = (
				B4F30CFB22FEFC46003F13C8 /* BlokZaBelu */,
			);
		};
/* End PBXProject section */

/* Begin PBXResourcesBuildPhase section */
		B4F30CFA22FEFC46003F13C8 /* Resources */ = {
			isa = PBXResourcesBuildPhase;
			buildActionMask = 2147483647;
			files = (
				B4F30D0A22FEFC47003F13C8 /* LaunchScreen.storyboard in Resources */,
				B4F30D0722FEFC47003F13C8 /* Assets.xcassets in Resources */,
				B4741EC122FF06980058BC00 /* ScoreTableViewCell.xib in Resources */,
				B4F30D0522FEFC46003F13C8 /* Main.storyboard in Resources */,
			);
			runOnlyForDeploymentPostprocessing = 0;
		};
/* End PBXResourcesBuildPhase section */

/* Begin PBXShellScriptBuildPhase section */
		B4F30D1322FF0040003F13C8 /* ShellScript */ = {
			isa = PBXShellScriptBuildPhase;
			buildActionMask = 2147483647;
			files = (
			);
			inputFileListPaths = (
			);
			inputPaths = (
			);
			outputFileListPaths = (
			);
			outputPaths = (
			);
			runOnlyForDeploymentPostprocessing = 0;
			shellPath = /bin/sh;
			shellScript = "if which swiftlint >/dev/null; then\nswiftlint\nelse\necho \"warning: SwiftLint not installed, download from https://github.com/realm/SwiftLint\"\nfi\n";
		};
/* End PBXShellScriptBuildPhase section */

/* Begin PBXSourcesBuildPhase section */
		B4F30CF822FEFC46003F13C8 /* Sources */ = {
			isa = PBXSourcesBuildPhase;
			buildActionMask = 2147483647;
			files = (
				B4741ED422FF0D6E0058BC00 /* InstantPanGestureRecognizer.swift in Sources */,
				B4741EC722FF08640058BC00 /* BelaScore.swift in Sources */,
				B4741ECD22FF089C0058BC00 /* BelaValue.swift in Sources */,
				B4741EC022FF06980058BC00 /* ScoreTableViewCell.swift in Sources */,
				B4741ECC22FF089C0058BC00 /* BelaSuit.swift in Sources */,
				B4741EC422FF07C50058BC00 /* UIColor+Bela.swift in Sources */,
				B4741EBD22FF05E30058BC00 /* UIStoryboard+Bela.swift in Sources */,
				B4F30D1222FEFFD3003F13C8 /* MainMenuViewController.swift in Sources */,
				B439BE592300A5AF000C2CA8 /* BiddingTeamViewController.swift in Sources */,
				B4F30D0022FEFC46003F13C8 /* AppDelegate.swift in Sources */,
				B4741ED222FF0D220058BC00 /* CardViewController.swift in Sources */,
				B439BE5B2300A6ED000C2CA8 /* BelaTeam.swift in Sources */,
				B4741ED022FF09F10058BC00 /* UITableView+Bela.swift in Sources */,
				B439BE5723008BB3000C2CA8 /* UIView+Bela.swift in Sources */,
				B449D2BA22FF151900EA22BB /* AddScoreViewController.swift in Sources */,
				B4F30D1722FF04E9003F13C8 /* ScoreViewController.swift in Sources */,
				B4741ECB22FF089C0058BC00 /* BelaCard.swift in Sources */,
				B4741ED722FF0DFC0058BC00 /* AddScoreCardViewController.swift in Sources */,
				B4741ED922FF0E820058BC00 /* UIViewController+Bela.swift in Sources */,
			);
			runOnlyForDeploymentPostprocessing = 0;
		};
/* End PBXSourcesBuildPhase section */

/* Begin PBXVariantGroup section */
		B4F30D0322FEFC46003F13C8 /* Main.storyboard */ = {
			isa = PBXVariantGroup;
			children = (
				B4F30D0422FEFC46003F13C8 /* Base */,
			);
			name = Main.storyboard;
			sourceTree = "<group>";
		};
		B4F30D0822FEFC47003F13C8 /* LaunchScreen.storyboard */ = {
			isa = PBXVariantGroup;
			children = (
				B4F30D0922FEFC47003F13C8 /* Base */,
			);
			name = LaunchScreen.storyboard;
			sourceTree = "<group>";
		};
/* End PBXVariantGroup section */

/* Begin XCBuildConfiguration section */
		B4F30D0C22FEFC47003F13C8 /* Debug */ = {
			isa = XCBuildConfiguration;
			buildSettings = {
				ALWAYS_SEARCH_USER_PATHS = NO;
				CLANG_ANALYZER_NONNULL = YES;
				CLANG_ANALYZER_NUMBER_OBJECT_CONVERSION = YES_AGGRESSIVE;
				CLANG_CXX_LANGUAGE_STANDARD = "gnu++14";
				CLANG_CXX_LIBRARY = "libc++";
				CLANG_ENABLE_MODULES = YES;
				CLANG_ENABLE_OBJC_ARC = YES;
				CLANG_ENABLE_OBJC_WEAK = YES;
				CLANG_WARN_BLOCK_CAPTURE_AUTORELEASING = YES;
				CLANG_WARN_BOOL_CONVERSION = YES;
				CLANG_WARN_COMMA = YES;
				CLANG_WARN_CONSTANT_CONVERSION = YES;
				CLANG_WARN_DEPRECATED_OBJC_IMPLEMENTATIONS = YES;
				CLANG_WARN_DIRECT_OBJC_ISA_USAGE = YES_ERROR;
				CLANG_WARN_DOCUMENTATION_COMMENTS = YES;
				CLANG_WARN_EMPTY_BODY = YES;
				CLANG_WARN_ENUM_CONVERSION = YES;
				CLANG_WARN_INFINITE_RECURSION = YES;
				CLANG_WARN_INT_CONVERSION = YES;
				CLANG_WARN_NON_LITERAL_NULL_CONVERSION = YES;
				CLANG_WARN_OBJC_IMPLICIT_RETAIN_SELF = YES;
				CLANG_WARN_OBJC_LITERAL_CONVERSION = YES;
				CLANG_WARN_OBJC_ROOT_CLASS = YES_ERROR;
				CLANG_WARN_RANGE_LOOP_ANALYSIS = YES;
				CLANG_WARN_STRICT_PROTOTYPES = YES;
				CLANG_WARN_SUSPICIOUS_MOVE = YES;
				CLANG_WARN_UNGUARDED_AVAILABILITY = YES_AGGRESSIVE;
				CLANG_WARN_UNREACHABLE_CODE = YES;
				CLANG_WARN__DUPLICATE_METHOD_MATCH = YES;
				CODE_SIGN_IDENTITY = "iPhone Developer";
				COPY_PHASE_STRIP = NO;
				DEBUG_INFORMATION_FORMAT = dwarf;
				ENABLE_STRICT_OBJC_MSGSEND = YES;
				ENABLE_TESTABILITY = YES;
				GCC_C_LANGUAGE_STANDARD = gnu11;
				GCC_DYNAMIC_NO_PIC = NO;
				GCC_NO_COMMON_BLOCKS = YES;
				GCC_OPTIMIZATION_LEVEL = 0;
				GCC_PREPROCESSOR_DEFINITIONS = (
					"DEBUG=1",
					"$(inherited)",
				);
				GCC_WARN_64_TO_32_BIT_CONVERSION = YES;
				GCC_WARN_ABOUT_RETURN_TYPE = YES_ERROR;
				GCC_WARN_UNDECLARED_SELECTOR = YES;
				GCC_WARN_UNINITIALIZED_AUTOS = YES_AGGRESSIVE;
				GCC_WARN_UNUSED_FUNCTION = YES;
				GCC_WARN_UNUSED_VARIABLE = YES;
				IPHONEOS_DEPLOYMENT_TARGET = 12.2;
				MTL_ENABLE_DEBUG_INFO = INCLUDE_SOURCE;
				MTL_FAST_MATH = YES;
				ONLY_ACTIVE_ARCH = YES;
				SDKROOT = iphoneos;
				SWIFT_ACTIVE_COMPILATION_CONDITIONS = DEBUG;
				SWIFT_OPTIMIZATION_LEVEL = "-Onone";
			};
			name = Debug;
		};
		B4F30D0D22FEFC47003F13C8 /* Release */ = {
			isa = XCBuildConfiguration;
			buildSettings = {
				ALWAYS_SEARCH_USER_PATHS = NO;
				CLANG_ANALYZER_NONNULL = YES;
				CLANG_ANALYZER_NUMBER_OBJECT_CONVERSION = YES_AGGRESSIVE;
				CLANG_CXX_LANGUAGE_STANDARD = "gnu++14";
				CLANG_CXX_LIBRARY = "libc++";
				CLANG_ENABLE_MODULES = YES;
				CLANG_ENABLE_OBJC_ARC = YES;
				CLANG_ENABLE_OBJC_WEAK = YES;
				CLANG_WARN_BLOCK_CAPTURE_AUTORELEASING = YES;
				CLANG_WARN_BOOL_CONVERSION = YES;
				CLANG_WARN_COMMA = YES;
				CLANG_WARN_CONSTANT_CONVERSION = YES;
				CLANG_WARN_DEPRECATED_OBJC_IMPLEMENTATIONS = YES;
				CLANG_WARN_DIRECT_OBJC_ISA_USAGE = YES_ERROR;
				CLANG_WARN_DOCUMENTATION_COMMENTS = YES;
				CLANG_WARN_EMPTY_BODY = YES;
				CLANG_WARN_ENUM_CONVERSION = YES;
				CLANG_WARN_INFINITE_RECURSION = YES;
				CLANG_WARN_INT_CONVERSION = YES;
				CLANG_WARN_NON_LITERAL_NULL_CONVERSION = YES;
				CLANG_WARN_OBJC_IMPLICIT_RETAIN_SELF = YES;
				CLANG_WARN_OBJC_LITERAL_CONVERSION = YES;
				CLANG_WARN_OBJC_ROOT_CLASS = YES_ERROR;
				CLANG_WARN_RANGE_LOOP_ANALYSIS = YES;
				CLANG_WARN_STRICT_PROTOTYPES = YES;
				CLANG_WARN_SUSPICIOUS_MOVE = YES;
				CLANG_WARN_UNGUARDED_AVAILABILITY = YES_AGGRESSIVE;
				CLANG_WARN_UNREACHABLE_CODE = YES;
				CLANG_WARN__DUPLICATE_METHOD_MATCH = YES;
				CODE_SIGN_IDENTITY = "iPhone Developer";
				COPY_PHASE_STRIP = NO;
				DEBUG_INFORMATION_FORMAT = "dwarf-with-dsym";
				ENABLE_NS_ASSERTIONS = NO;
				ENABLE_STRICT_OBJC_MSGSEND = YES;
				GCC_C_LANGUAGE_STANDARD = gnu11;
				GCC_NO_COMMON_BLOCKS = YES;
				GCC_WARN_64_TO_32_BIT_CONVERSION = YES;
				GCC_WARN_ABOUT_RETURN_TYPE = YES_ERROR;
				GCC_WARN_UNDECLARED_SELECTOR = YES;
				GCC_WARN_UNINITIALIZED_AUTOS = YES_AGGRESSIVE;
				GCC_WARN_UNUSED_FUNCTION = YES;
				GCC_WARN_UNUSED_VARIABLE = YES;
				IPHONEOS_DEPLOYMENT_TARGET = 12.2;
				MTL_ENABLE_DEBUG_INFO = NO;
				MTL_FAST_MATH = YES;
				SDKROOT = iphoneos;
				SWIFT_COMPILATION_MODE = wholemodule;
				SWIFT_OPTIMIZATION_LEVEL = "-O";
				VALIDATE_PRODUCT = YES;
			};
			name = Release;
		};
		B4F30D0F22FEFC47003F13C8 /* Debug */ = {
			isa = XCBuildConfiguration;
			buildSettings = {
				ASSETCATALOG_COMPILER_APPICON_NAME = AppIcon;
				CODE_SIGN_STYLE = Automatic;
				DEVELOPMENT_TEAM = 5J7U5C6D83;
				INFOPLIST_FILE = BlokZaBelu/SupportingFiles/Info.plist;
				IPHONEOS_DEPLOYMENT_TARGET = 11.0;
				LD_RUNPATH_SEARCH_PATHS = (
					"$(inherited)",
					"@executable_path/Frameworks",
				);
				PRODUCT_BUNDLE_IDENTIFIER = com.cubelic.dominik.BlokZaBelu;
				PRODUCT_NAME = "$(TARGET_NAME)";
				SWIFT_VERSION = 5.0;
				TARGETED_DEVICE_FAMILY = "1,2";
			};
			name = Debug;
		};
		B4F30D1022FEFC47003F13C8 /* Release */ = {
			isa = XCBuildConfiguration;
			buildSettings = {
				ASSETCATALOG_COMPILER_APPICON_NAME = AppIcon;
				CODE_SIGN_STYLE = Automatic;
				DEVELOPMENT_TEAM = 5J7U5C6D83;
				INFOPLIST_FILE = BlokZaBelu/SupportingFiles/Info.plist;
				IPHONEOS_DEPLOYMENT_TARGET = 11.0;
				LD_RUNPATH_SEARCH_PATHS = (
					"$(inherited)",
					"@executable_path/Frameworks",
				);
				PRODUCT_BUNDLE_IDENTIFIER = com.cubelic.dominik.BlokZaBelu;
				PRODUCT_NAME = "$(TARGET_NAME)";
				SWIFT_VERSION = 5.0;
				TARGETED_DEVICE_FAMILY = "1,2";
			};
			name = Release;
		};
/* End XCBuildConfiguration section */

/* Begin XCConfigurationList section */
		B4F30CF722FEFC46003F13C8 /* Build configuration list for PBXProject "BlokZaBelu" */ = {
			isa = XCConfigurationList;
			buildConfigurations = (
				B4F30D0C22FEFC47003F13C8 /* Debug */,
				B4F30D0D22FEFC47003F13C8 /* Release */,
			);
			defaultConfigurationIsVisible = 0;
			defaultConfigurationName = Release;
		};
		B4F30D0E22FEFC47003F13C8 /* Build configuration list for PBXNativeTarget "BlokZaBelu" */ = {
			isa = XCConfigurationList;
			buildConfigurations = (
				B4F30D0F22FEFC47003F13C8 /* Debug */,
				B4F30D1022FEFC47003F13C8 /* Release */,
			);
			defaultConfigurationIsVisible = 0;
			defaultConfigurationName = Release;
		};
/* End XCConfigurationList section */
	};
	rootObject = B4F30CF422FEFC46003F13C8 /* Project object */;
}
