// !$*UTF8*$!
{
	archiveVersion = 1;
	classes = {
	};
	objectVersion = 50;
	objects = {

/* Begin PBXBuildFile section */
		B40D1FDC22F787FF008E6C4C /* DetectedCardsView.xib in Resources */ = {isa = PBXBuildFile; fileRef = B40D1FDB22F787FF008E6C4C /* DetectedCardsView.xib */; };
		B40D1FDE22F78835008E6C4C /* DetectedCardsView.swift in Sources */ = {isa = PBXBuildFile; fileRef = B40D1FDD22F78835008E6C4C /* DetectedCardsView.swift */; };
		B40D1FE122F78C15008E6C4C /* DetectedCardCollectionViewCell.swift in Sources */ = {isa = PBXBuildFile; fileRef = B40D1FDF22F78C15008E6C4C /* DetectedCardCollectionViewCell.swift */; };
		B40D1FE222F78C15008E6C4C /* DetectedCardCollectionViewCell.xib in Resources */ = {isa = PBXBuildFile; fileRef = B40D1FE022F78C15008E6C4C /* DetectedCardCollectionViewCell.xib */; };
		B451C3E822F5CFC4000B8302 /* VideoCapture.swift in Sources */ = {isa = PBXBuildFile; fileRef = B451C3E722F5CFC4000B8302 /* VideoCapture.swift */; };
		B455233C22F4F201008B6E4A /* AppDelegate.swift in Sources */ = {isa = PBXBuildFile; fileRef = B455233B22F4F201008B6E4A /* AppDelegate.swift */; };
		B455233E22F4F201008B6E4A /* ViewController.swift in Sources */ = {isa = PBXBuildFile; fileRef = B455233D22F4F201008B6E4A /* ViewController.swift */; };
		B455234122F4F201008B6E4A /* Main.storyboard in Resources */ = {isa = PBXBuildFile; fileRef = B455233F22F4F201008B6E4A /* Main.storyboard */; };
		B455234322F4F203008B6E4A /* Assets.xcassets in Resources */ = {isa = PBXBuildFile; fileRef = B455234222F4F203008B6E4A /* Assets.xcassets */; };
		B455234622F4F203008B6E4A /* LaunchScreen.storyboard in Resources */ = {isa = PBXBuildFile; fileRef = B455234422F4F203008B6E4A /* LaunchScreen.storyboard */; };
		B455234E22F4F227008B6E4A /* BelaDetector.mlmodel in Sources */ = {isa = PBXBuildFile; fileRef = B455234D22F4F227008B6E4A /* BelaDetector.mlmodel */; };
		B4BB00F622F57D0F00034432 /* Bela.swift in Sources */ = {isa = PBXBuildFile; fileRef = B4BB00F522F57D0F00034432 /* Bela.swift */; };
		B4BB00F822F5800900034432 /* HelperFunctions.swift in Sources */ = {isa = PBXBuildFile; fileRef = B4BB00F722F5800900034432 /* HelperFunctions.swift */; };
		B4BB00FA22F5870000034432 /* BelaPrediction.swift in Sources */ = {isa = PBXBuildFile; fileRef = B4BB00F922F5870000034432 /* BelaPrediction.swift */; };
		B4BB00FC22F62C3000034432 /* ResilienceArray.swift in Sources */ = {isa = PBXBuildFile; fileRef = B4BB00FB22F62C3000034432 /* ResilienceArray.swift */; };
		B4BB00FE22F6338400034432 /* CardInfoView.xib in Resources */ = {isa = PBXBuildFile; fileRef = B4BB00FD22F6338400034432 /* CardInfoView.xib */; };
		B4BB010022F633F500034432 /* CardInfoView.swift in Sources */ = {isa = PBXBuildFile; fileRef = B4BB00FF22F633F500034432 /* CardInfoView.swift */; };
		B4BB010222F63A9800034432 /* BelaDetector2.mlmodel in Sources */ = {isa = PBXBuildFile; fileRef = B4BB010122F63A9800034432 /* BelaDetector2.mlmodel */; };
/* End PBXBuildFile section */

/* Begin PBXFileReference section */
		B40D1FDB22F787FF008E6C4C /* DetectedCardsView.xib */ = {isa = PBXFileReference; lastKnownFileType = file.xib; path = DetectedCardsView.xib; sourceTree = "<group>"; };
		B40D1FDD22F78835008E6C4C /* DetectedCardsView.swift */ = {isa = PBXFileReference; lastKnownFileType = sourcecode.swift; path = DetectedCardsView.swift; sourceTree = "<group>"; };
		B40D1FDF22F78C15008E6C4C /* DetectedCardCollectionViewCell.swift */ = {isa = PBXFileReference; lastKnownFileType = sourcecode.swift; path = DetectedCardCollectionViewCell.swift; sourceTree = "<group>"; };
		B40D1FE022F78C15008E6C4C /* DetectedCardCollectionViewCell.xib */ = {isa = PBXFileReference; lastKnownFileType = file.xib; path = DetectedCardCollectionViewCell.xib; sourceTree = "<group>"; };
		B451C3E722F5CFC4000B8302 /* VideoCapture.swift */ = {isa = PBXFileReference; lastKnownFileType = sourcecode.swift; path = VideoCapture.swift; sourceTree = "<group>"; };
		B455233822F4F201008B6E4A /* BelaDetector.app */ = {isa = PBXFileReference; explicitFileType = wrapper.application; includeInIndex = 0; path = BelaDetector.app; sourceTree = BUILT_PRODUCTS_DIR; };
		B455233B22F4F201008B6E4A /* AppDelegate.swift */ = {isa = PBXFileReference; lastKnownFileType = sourcecode.swift; path = AppDelegate.swift; sourceTree = "<group>"; };
		B455233D22F4F201008B6E4A /* ViewController.swift */ = {isa = PBXFileReference; lastKnownFileType = sourcecode.swift; path = ViewController.swift; sourceTree = "<group>"; };
		B455234022F4F201008B6E4A /* Base */ = {isa = PBXFileReference; lastKnownFileType = file.storyboard; name = Base; path = Base.lproj/Main.storyboard; sourceTree = "<group>"; };
		B455234222F4F203008B6E4A /* Assets.xcassets */ = {isa = PBXFileReference; lastKnownFileType = folder.assetcatalog; path = Assets.xcassets; sourceTree = "<group>"; };
		B455234522F4F203008B6E4A /* Base */ = {isa = PBXFileReference; lastKnownFileType = file.storyboard; name = Base; path = Base.lproj/LaunchScreen.storyboard; sourceTree = "<group>"; };
		B455234722F4F203008B6E4A /* Info.plist */ = {isa = PBXFileReference; lastKnownFileType = text.plist.xml; path = Info.plist; sourceTree = "<group>"; };
		B455234D22F4F227008B6E4A /* BelaDetector.mlmodel */ = {isa = PBXFileReference; lastKnownFileType = file.mlmodel; path = BelaDetector.mlmodel; sourceTree = "<group>"; };
		B4BB00F522F57D0F00034432 /* Bela.swift */ = {isa = PBXFileReference; lastKnownFileType = sourcecode.swift; path = Bela.swift; sourceTree = "<group>"; };
		B4BB00F722F5800900034432 /* HelperFunctions.swift */ = {isa = PBXFileReference; lastKnownFileType = sourcecode.swift; path = HelperFunctions.swift; sourceTree = "<group>"; };
		B4BB00F922F5870000034432 /* BelaPrediction.swift */ = {isa = PBXFileReference; lastKnownFileType = sourcecode.swift; path = BelaPrediction.swift; sourceTree = "<group>"; };
		B4BB00FB22F62C3000034432 /* ResilienceArray.swift */ = {isa = PBXFileReference; lastKnownFileType = sourcecode.swift; path = ResilienceArray.swift; sourceTree = "<group>"; };
		B4BB00FD22F6338400034432 /* CardInfoView.xib */ = {isa = PBXFileReference; lastKnownFileType = file.xib; path = CardInfoView.xib; sourceTree = "<group>"; };
		B4BB00FF22F633F500034432 /* CardInfoView.swift */ = {isa = PBXFileReference; lastKnownFileType = sourcecode.swift; path = CardInfoView.swift; sourceTree = "<group>"; };
		B4BB010122F63A9800034432 /* BelaDetector2.mlmodel */ = {isa = PBXFileReference; lastKnownFileType = file.mlmodel; path = BelaDetector2.mlmodel; sourceTree = "<group>"; };
/* End PBXFileReference section */

/* Begin PBXFrameworksBuildPhase section */
		B455233522F4F201008B6E4A /* Frameworks */ = {
			isa = PBXFrameworksBuildPhase;
			buildActionMask = 2147483647;
			files = (
			);
			runOnlyForDeploymentPostprocessing = 0;
		};
/* End PBXFrameworksBuildPhase section */

/* Begin PBXGroup section */
		B455232F22F4F201008B6E4A = {
			isa = PBXGroup;
			children = (
				B455233A22F4F201008B6E4A /* BelaDetector */,
				B455233922F4F201008B6E4A /* Products */,
			);
			sourceTree = "<group>";
		};
		B455233922F4F201008B6E4A /* Products */ = {
			isa = PBXGroup;
			children = (
				B455233822F4F201008B6E4A /* BelaDetector.app */,
			);
			name = Products;
			sourceTree = "<group>";
		};
		B455233A22F4F201008B6E4A /* BelaDetector */ = {
			isa = PBXGroup;
			children = (
				B455234D22F4F227008B6E4A /* BelaDetector.mlmodel */,
				B4BB010122F63A9800034432 /* BelaDetector2.mlmodel */,
				B455233B22F4F201008B6E4A /* AppDelegate.swift */,
				B455233D22F4F201008B6E4A /* ViewController.swift */,
				B451C3E722F5CFC4000B8302 /* VideoCapture.swift */,
				B4BB00F522F57D0F00034432 /* Bela.swift */,
				B4BB00FB22F62C3000034432 /* ResilienceArray.swift */,
				B4BB00F922F5870000034432 /* BelaPrediction.swift */,
				B4BB00F722F5800900034432 /* HelperFunctions.swift */,
				B4BB00FF22F633F500034432 /* CardInfoView.swift */,
				B4BB00FD22F6338400034432 /* CardInfoView.xib */,
				B40D1FDD22F78835008E6C4C /* DetectedCardsView.swift */,
				B40D1FDB22F787FF008E6C4C /* DetectedCardsView.xib */,
				B40D1FDF22F78C15008E6C4C /* DetectedCardCollectionViewCell.swift */,
				B40D1FE022F78C15008E6C4C /* DetectedCardCollectionViewCell.xib */,
				B455233F22F4F201008B6E4A /* Main.storyboard */,
				B455234222F4F203008B6E4A /* Assets.xcassets */,
				B455234422F4F203008B6E4A /* LaunchScreen.storyboard */,
				B455234722F4F203008B6E4A /* Info.plist */,
			);
			path = BelaDetector;
			sourceTree = "<group>";
		};
/* End PBXGroup section */

/* Begin PBXNativeTarget section */
		B455233722F4F201008B6E4A /* BelaDetector */ = {
			isa = PBXNativeTarget;
			buildConfigurationList = B455234A22F4F203008B6E4A /* Build configuration list for PBXNativeTarget "BelaDetector" */;
			buildPhases = (
				B455233422F4F201008B6E4A /* Sources */,
				B455233522F4F201008B6E4A /* Frameworks */,
				B455233622F4F201008B6E4A /* Resources */,
			);
			buildRules = (
			);
			dependencies = (
			);
			name = BelaDetector;
			productName = BelaDetector;
			productReference = B455233822F4F201008B6E4A /* BelaDetector.app */;
			productType = "com.apple.product-type.application";
		};
/* End PBXNativeTarget section */

/* Begin PBXProject section */
		B455233022F4F201008B6E4A /* Project object */ = {
			isa = PBXProject;
			attributes = {
				LastSwiftUpdateCheck = 1020;
				LastUpgradeCheck = 1020;
				ORGANIZATIONNAME = "Dominik Cubelic";
				TargetAttributes = {
					B455233722F4F201008B6E4A = {
						CreatedOnToolsVersion = 10.2;
					};
				};
			};
			buildConfigurationList = B455233322F4F201008B6E4A /* Build configuration list for PBXProject "BelaDetector" */;
			compatibilityVersion = "Xcode 9.3";
			developmentRegion = en;
			hasScannedForEncodings = 0;
			knownRegions = (
				en,
				Base,
			);
			mainGroup = B455232F22F4F201008B6E4A;
			productRefGroup = B455233922F4F201008B6E4A /* Products */;
			projectDirPath = "";
			projectRoot = "";
			targets = (
				B455233722F4F201008B6E4A /* BelaDetector */,
			);
		};
/* End PBXProject section */

/* Begin PBXResourcesBuildPhase section */
		B455233622F4F201008B6E4A /* Resources */ = {
			isa = PBXResourcesBuildPhase;
			buildActionMask = 2147483647;
			files = (
				B40D1FDC22F787FF008E6C4C /* DetectedCardsView.xib in Resources */,
				B455234622F4F203008B6E4A /* LaunchScreen.storyboard in Resources */,
				B455234322F4F203008B6E4A /* Assets.xcassets in Resources */,
				B4BB00FE22F6338400034432 /* CardInfoView.xib in Resources */,
				B40D1FE222F78C15008E6C4C /* DetectedCardCollectionViewCell.xib in Resources */,
				B455234122F4F201008B6E4A /* Main.storyboard in Resources */,
			);
			runOnlyForDeploymentPostprocessing = 0;
		};
/* End PBXResourcesBuildPhase section */

/* Begin PBXSourcesBuildPhase section */
		B455233422F4F201008B6E4A /* Sources */ = {
			isa = PBXSourcesBuildPhase;
			buildActionMask = 2147483647;
			files = (
				B4BB00F822F5800900034432 /* HelperFunctions.swift in Sources */,
				B451C3E822F5CFC4000B8302 /* VideoCapture.swift in Sources */,
				B40D1FE122F78C15008E6C4C /* DetectedCardCollectionViewCell.swift in Sources */,
				B4BB00FC22F62C3000034432 /* ResilienceArray.swift in Sources */,
				B455234E22F4F227008B6E4A /* BelaDetector.mlmodel in Sources */,
				B4BB00F622F57D0F00034432 /* Bela.swift in Sources */,
				B455233E22F4F201008B6E4A /* ViewController.swift in Sources */,
				B4BB00FA22F5870000034432 /* BelaPrediction.swift in Sources */,
				B4BB010222F63A9800034432 /* BelaDetector2.mlmodel in Sources */,
				B455233C22F4F201008B6E4A /* AppDelegate.swift in Sources */,
				B4BB010022F633F500034432 /* CardInfoView.swift in Sources */,
				B40D1FDE22F78835008E6C4C /* DetectedCardsView.swift in Sources */,
			);
			runOnlyForDeploymentPostprocessing = 0;
		};
/* End PBXSourcesBuildPhase section */

/* Begin PBXVariantGroup section */
		B455233F22F4F201008B6E4A /* Main.storyboard */ = {
			isa = PBXVariantGroup;
			children = (
				B455234022F4F201008B6E4A /* Base */,
			);
			name = Main.storyboard;
			sourceTree = "<group>";
		};
		B455234422F4F203008B6E4A /* LaunchScreen.storyboard */ = {
			isa = PBXVariantGroup;
			children = (
				B455234522F4F203008B6E4A /* Base */,
			);
			name = LaunchScreen.storyboard;
			sourceTree = "<group>";
		};
/* End PBXVariantGroup section */

/* Begin XCBuildConfiguration section */
		B455234822F4F203008B6E4A /* Debug */ = {
			isa = XCBuildConfiguration;
			buildSettings = {
				ALWAYS_SEARCH_USER_PATHS = NO;
				CLANG_ANALYZER_NONNULL = YES;
				CLANG_ANALYZER_NUMBER_OBJECT_CONVERSION = YES_AGGRESSIVE;
				CLANG_CXX_LANGUAGE_STANDARD = "gnu++14";
				CLANG_CXX_LIBRARY = "libc++";
				CLANG_ENABLE_MODULES = YES;
				CLANG_ENABLE_OBJC_ARC = YES;
				CLANG_ENABLE_OBJC_WEAK = YES;
				CLANG_WARN_BLOCK_CAPTURE_AUTORELEASING = YES;
				CLANG_WARN_BOOL_CONVERSION = YES;
				CLANG_WARN_COMMA = YES;
				CLANG_WARN_CONSTANT_CONVERSION = YES;
				CLANG_WARN_DEPRECATED_OBJC_IMPLEMENTATIONS = YES;
				CLANG_WARN_DIRECT_OBJC_ISA_USAGE = YES_ERROR;
				CLANG_WARN_DOCUMENTATION_COMMENTS = YES;
				CLANG_WARN_EMPTY_BODY = YES;
				CLANG_WARN_ENUM_CONVERSION = YES;
				CLANG_WARN_INFINITE_RECURSION = YES;
				CLANG_WARN_INT_CONVERSION = YES;
				CLANG_WARN_NON_LITERAL_NULL_CONVERSION = YES;
				CLANG_WARN_OBJC_IMPLICIT_RETAIN_SELF = YES;
				CLANG_WARN_OBJC_LITERAL_CONVERSION = YES;
				CLANG_WARN_OBJC_ROOT_CLASS = YES_ERROR;
				CLANG_WARN_RANGE_LOOP_ANALYSIS = YES;
				CLANG_WARN_STRICT_PROTOTYPES = YES;
				CLANG_WARN_SUSPICIOUS_MOVE = YES;
				CLANG_WARN_UNGUARDED_AVAILABILITY = YES_AGGRESSIVE;
				CLANG_WARN_UNREACHABLE_CODE = YES;
				CLANG_WARN__DUPLICATE_METHOD_MATCH = YES;
				CODE_SIGN_IDENTITY = "iPhone Developer";
				COPY_PHASE_STRIP = NO;
				DEBUG_INFORMATION_FORMAT = dwarf;
				ENABLE_STRICT_OBJC_MSGSEND = YES;
				ENABLE_TESTABILITY = YES;
				GCC_C_LANGUAGE_STANDARD = gnu11;
				GCC_DYNAMIC_NO_PIC = NO;
				GCC_NO_COMMON_BLOCKS = YES;
				GCC_OPTIMIZATION_LEVEL = 0;
				GCC_PREPROCESSOR_DEFINITIONS = (
					"DEBUG=1",
					"$(inherited)",
				);
				GCC_WARN_64_TO_32_BIT_CONVERSION = YES;
				GCC_WARN_ABOUT_RETURN_TYPE = YES_ERROR;
				GCC_WARN_UNDECLARED_SELECTOR = YES;
				GCC_WARN_UNINITIALIZED_AUTOS = YES_AGGRESSIVE;
				GCC_WARN_UNUSED_FUNCTION = YES;
				GCC_WARN_UNUSED_VARIABLE = YES;
				IPHONEOS_DEPLOYMENT_TARGET = 12.2;
				MTL_ENABLE_DEBUG_INFO = INCLUDE_SOURCE;
				MTL_FAST_MATH = YES;
				ONLY_ACTIVE_ARCH = YES;
				SDKROOT = iphoneos;
				SWIFT_ACTIVE_COMPILATION_CONDITIONS = DEBUG;
				SWIFT_OPTIMIZATION_LEVEL = "-Onone";
			};
			name = Debug;
		};
		B455234922F4F203008B6E4A /* Release */ = {
			isa = XCBuildConfiguration;
			buildSettings = {
				ALWAYS_SEARCH_USER_PATHS = NO;
				CLANG_ANALYZER_NONNULL = YES;
				CLANG_ANALYZER_NUMBER_OBJECT_CONVERSION = YES_AGGRESSIVE;
				CLANG_CXX_LANGUAGE_STANDARD = "gnu++14";
				CLANG_CXX_LIBRARY = "libc++";
				CLANG_ENABLE_MODULES = YES;
				CLANG_ENABLE_OBJC_ARC = YES;
				CLANG_ENABLE_OBJC_WEAK = YES;
				CLANG_WARN_BLOCK_CAPTURE_AUTORELEASING = YES;
				CLANG_WARN_BOOL_CONVERSION = YES;
				CLANG_WARN_COMMA = YES;
				CLANG_WARN_CONSTANT_CONVERSION = YES;
				CLANG_WARN_DEPRECATED_OBJC_IMPLEMENTATIONS = YES;
				CLANG_WARN_DIRECT_OBJC_ISA_USAGE = YES_ERROR;
				CLANG_WARN_DOCUMENTATION_COMMENTS = YES;
				CLANG_WARN_EMPTY_BODY = YES;
				CLANG_WARN_ENUM_CONVERSION = YES;
				CLANG_WARN_INFINITE_RECURSION = YES;
				CLANG_WARN_INT_CONVERSION = YES;
				CLANG_WARN_NON_LITERAL_NULL_CONVERSION = YES;
				CLANG_WARN_OBJC_IMPLICIT_RETAIN_SELF = YES;
				CLANG_WARN_OBJC_LITERAL_CONVERSION = YES;
				CLANG_WARN_OBJC_ROOT_CLASS = YES_ERROR;
				CLANG_WARN_RANGE_LOOP_ANALYSIS = YES;
				CLANG_WARN_STRICT_PROTOTYPES = YES;
				CLANG_WARN_SUSPICIOUS_MOVE = YES;
				CLANG_WARN_UNGUARDED_AVAILABILITY = YES_AGGRESSIVE;
				CLANG_WARN_UNREACHABLE_CODE = YES;
				CLANG_WARN__DUPLICATE_METHOD_MATCH = YES;
				CODE_SIGN_IDENTITY = "iPhone Developer";
				COPY_PHASE_STRIP = NO;
				DEBUG_INFORMATION_FORMAT = "dwarf-with-dsym";
				ENABLE_NS_ASSERTIONS = NO;
				ENABLE_STRICT_OBJC_MSGSEND = YES;
				GCC_C_LANGUAGE_STANDARD = gnu11;
				GCC_NO_COMMON_BLOCKS = YES;
				GCC_WARN_64_TO_32_BIT_CONVERSION = YES;
				GCC_WARN_ABOUT_RETURN_TYPE = YES_ERROR;
				GCC_WARN_UNDECLARED_SELECTOR = YES;
				GCC_WARN_UNINITIALIZED_AUTOS = YES_AGGRESSIVE;
				GCC_WARN_UNUSED_FUNCTION = YES;
				GCC_WARN_UNUSED_VARIABLE = YES;
				IPHONEOS_DEPLOYMENT_TARGET = 12.2;
				MTL_ENABLE_DEBUG_INFO = NO;
				MTL_FAST_MATH = YES;
				SDKROOT = iphoneos;
				SWIFT_COMPILATION_MODE = wholemodule;
				SWIFT_OPTIMIZATION_LEVEL = "-O";
				VALIDATE_PRODUCT = YES;
			};
			name = Release;
		};
		B455234B22F4F203008B6E4A /* Debug */ = {
			isa = XCBuildConfiguration;
			buildSettings = {
				ASSETCATALOG_COMPILER_APPICON_NAME = AppIcon;
				CODE_SIGN_STYLE = Automatic;
				DEVELOPMENT_TEAM = 5J7U5C6D83;
				INFOPLIST_FILE = BelaDetector/Info.plist;
				LD_RUNPATH_SEARCH_PATHS = (
					"$(inherited)",
					"@executable_path/Frameworks",
				);
				PRODUCT_BUNDLE_IDENTIFIER = com.cubelic.dominik.BelaDetector;
				PRODUCT_NAME = "$(TARGET_NAME)";
				SWIFT_VERSION = 5.0;
				TARGETED_DEVICE_FAMILY = "1,2";
			};
			name = Debug;
		};
		B455234C22F4F203008B6E4A /* Release */ = {
			isa = XCBuildConfiguration;
			buildSettings = {
				ASSETCATALOG_COMPILER_APPICON_NAME = AppIcon;
				CODE_SIGN_STYLE = Automatic;
				DEVELOPMENT_TEAM = 5J7U5C6D83;
				INFOPLIST_FILE = BelaDetector/Info.plist;
				LD_RUNPATH_SEARCH_PATHS = (
					"$(inherited)",
					"@executable_path/Frameworks",
				);
				PRODUCT_BUNDLE_IDENTIFIER = com.cubelic.dominik.BelaDetector;
				PRODUCT_NAME = "$(TARGET_NAME)";
				SWIFT_VERSION = 5.0;
				TARGETED_DEVICE_FAMILY = "1,2";
			};
			name = Release;
		};
/* End XCBuildConfiguration section */

/* Begin XCConfigurationList section */
		B455233322F4F201008B6E4A /* Build configuration list for PBXProject "BelaDetector" */ = {
			isa = XCConfigurationList;
			buildConfigurations = (
				B455234822F4F203008B6E4A /* Debug */,
				B455234922F4F203008B6E4A /* Release */,
			);
			defaultConfigurationIsVisible = 0;
			defaultConfigurationName = Release;
		};
		B455234A22F4F203008B6E4A /* Build configuration list for PBXNativeTarget "BelaDetector" */ = {
			isa = XCConfigurationList;
			buildConfigurations = (
				B455234B22F4F203008B6E4A /* Debug */,
				B455234C22F4F203008B6E4A /* Release */,
			);
			defaultConfigurationIsVisible = 0;
			defaultConfigurationName = Release;
		};
/* End XCConfigurationList section */
	};
	rootObject = B455233022F4F201008B6E4A /* Project object */;
}
